
Microsoft Visual Studio Solution File, Format Version 12.00
# Visual Studio Version 16
VisualStudioVersion = 16.0.31410.357
MinimumVisualStudioVersion = 10.0.40219.1
Project("{FAE04EC0-301F-11D3-BF4B-00C04F79EFBC}") = "GaussianBlur", "GaussianBlur\GaussianBlur.csproj", "{5306CB17-4A34-46F9-8940-CA904515446E}"
EndProject
Global
	GlobalSection(SolutionConfigurationPlatforms) = preSolution
		Debug|Any CPU = Debug|Any CPU
		Release|Any CPU = Release|Any CPU
	EndGlobalSection
	GlobalSection(ProjectConfigurationPlatforms) = postSolution
		{5306CB17-4A34-46F9-8940-CA904515446E}.Debug|Any CPU.ActiveCfg = Debug|Any CPU
		{5306CB17-4A34-46F9-8940-CA904515446E}.Debug|Any CPU.Build.0 = Debug|Any CPU
		{5306CB17-4A34-46F9-8940-CA904515446E}.Release|Any CPU.ActiveCfg = Release|Any CPU
		{5306CB17-4A34-46F9-8940-CA904515446E}.Release|Any CPU.Build.0 = Release|Any CPU
	EndGlobalSection
	GlobalSection(SolutionProperties) = preSolution
		HideSolutionNode = FALSE
	EndGlobalSection
	GlobalSection(ExtensibilityGlobals) = postSolution
		SolutionGuid = {E4DF66BD-D529-4C49-A14A-D964F9E4BCF3}
	EndGlobalSection
EndGlobal
